
Microsoft Visual Studio Solution File, Format Version 12.00
# Visual Studio 15
VisualStudioVersion = 15.0.26730.10
MinimumVisualStudioVersion = 10.0.40219.1
Project("{FAE04EC0-301F-11D3-BF4B-00C04F79EFBC}") = "JetBlack.Matrices", "JetBlack.Matrices\JetBlack.Matrices.csproj", "{5448141F-EC4C-4E9B-B79E-3714EA630DF3}"
EndProject
Project("{FAE04EC0-301F-11D3-BF4B-00C04F79EFBC}") = "JetBlack.Matrices.Test", "JetBlack.Matrices.Test\JetBlack.Matrices.Test.csproj", "{2908905D-2D78-4AC2-AE9A-0241DD5F9E0B}"
EndProject
Global
	GlobalSection(SolutionConfigurationPlatforms) = preSolution
		Debug|Any CPU = Debug|Any CPU
		Release|Any CPU = Release|Any CPU
	EndGlobalSection
	GlobalSection(ProjectConfigurationPlatforms) = postSolution
		{5448141F-EC4C-4E9B-B79E-3714EA630DF3}.Debug|Any CPU.ActiveCfg = Debug|Any CPU
		{5448141F-EC4C-4E9B-B79E-3714EA630DF3}.Debug|Any CPU.Build.0 = Debug|Any CPU
		{5448141F-EC4C-4E9B-B79E-3714EA630DF3}.Release|Any CPU.ActiveCfg = Release|Any CPU
		{5448141F-EC4C-4E9B-B79E-3714EA630DF3}.Release|Any CPU.Build.0 = Release|Any CPU
		{2908905D-2D78-4AC2-AE9A-0241DD5F9E0B}.Debug|Any CPU.ActiveCfg = Debug|Any CPU
		{2908905D-2D78-4AC2-AE9A-0241DD5F9E0B}.Debug|Any CPU.Build.0 = Debug|Any CPU
		{2908905D-2D78-4AC2-AE9A-0241DD5F9E0B}.Release|Any CPU.ActiveCfg = Release|Any CPU
		{2908905D-2D78-4AC2-AE9A-0241DD5F9E0B}.Release|Any CPU.Build.0 = Release|Any CPU
	EndGlobalSection
	GlobalSection(SolutionProperties) = preSolution
		HideSolutionNode = FALSE
	EndGlobalSection
	GlobalSection(ExtensibilityGlobals) = postSolution
		SolutionGuid = {233A6286-9EF4-4D7F-B800-F9BA4DA9B9CD}
	EndGlobalSection
EndGlobal
